
Microsoft Visual Studio Solution File, Format Version 12.00
# Visual Studio 15
Project("{FAE04EC0-301F-11D3-BF4B-00C04F79EFBC}") = "Assembly-CSharp", "Assembly-CSharp.csproj", "{D34E0754-63BF-9FFB-8F7D-9AFEAA55EDAB}"
EndProject
Global
	GlobalSection(SolutionConfigurationPlatforms) = preSolution
		Debug|Any CPU = Debug|Any CPU
		Release|Any CPU = Release|Any CPU
	EndGlobalSection
	GlobalSection(ProjectConfigurationPlatforms) = postSolution
		{D34E0754-63BF-9FFB-8F7D-9AFEAA55EDAB}.Debug|Any CPU.ActiveCfg = Debug|Any CPU
		{D34E0754-63BF-9FFB-8F7D-9AFEAA55EDAB}.Debug|Any CPU.Build.0 = Debug|Any CPU
		{D34E0754-63BF-9FFB-8F7D-9AFEAA55EDAB}.Release|Any CPU.ActiveCfg = Release|Any CPU
		{D34E0754-63BF-9FFB-8F7D-9AFEAA55EDAB}.Release|Any CPU.Build.0 = Release|Any CPU
	EndGlobalSection
	GlobalSection(SolutionProperties) = preSolution
		HideSolutionNode = FALSE
	EndGlobalSection
EndGlobal
